
Microsoft Visual Studio Solution File, Format Version 12.00
# Visual Studio Version 16
VisualStudioVersion = 16.0.29609.76
MinimumVisualStudioVersion = 10.0.40219.1
Project("{FAE04EC0-301F-11D3-BF4B-00C04F79EFBC}") = "HW_1.2_30-01-21", "HW_1.2_30-01-21\HW_1.2_30-01-21.csproj", "{A7F8B0E1-1331-4B43-BA9E-3F6380A584E8}"
EndProject
Global
	GlobalSection(SolutionConfigurationPlatforms) = preSolution
		Debug|Any CPU = Debug|Any CPU
		Release|Any CPU = Release|Any CPU
	EndGlobalSection
	GlobalSection(ProjectConfigurationPlatforms) = postSolution
		{A7F8B0E1-1331-4B43-BA9E-3F6380A584E8}.Debug|Any CPU.ActiveCfg = Debug|Any CPU
		{A7F8B0E1-1331-4B43-BA9E-3F6380A584E8}.Debug|Any CPU.Build.0 = Debug|Any CPU
		{A7F8B0E1-1331-4B43-BA9E-3F6380A584E8}.Release|Any CPU.ActiveCfg = Release|Any CPU
		{A7F8B0E1-1331-4B43-BA9E-3F6380A584E8}.Release|Any CPU.Build.0 = Release|Any CPU
	EndGlobalSection
	GlobalSection(SolutionProperties) = preSolution
		HideSolutionNode = FALSE
	EndGlobalSection
	GlobalSection(ExtensibilityGlobals) = postSolution
		SolutionGuid = {BBB44F99-9A4F-4485-A2E1-357EB27FC6B5}
	EndGlobalSection
EndGlobal
